// !$*UTF8*$!
{
	archiveVersion = 1;
	classes = {
	};
	objectVersion = 46;
	objects = {

/* Begin PBXBuildFile section */
		5244F89D1C46A8B000EAE2F4 /* csv.swift in Sources */ = {isa = PBXBuildFile; fileRef = 5244F89C1C46A8B000EAE2F4 /* csv.swift */; };
		5244F8A11C46B4D800EAE2F4 /* PokemonSolid.ttf in Resources */ = {isa = PBXBuildFile; fileRef = 5244F8A01C46B4D800EAE2F4 /* PokemonSolid.ttf */; };
		5244F8A31C46C90F00EAE2F4 /* music.mp3 in Resources */ = {isa = PBXBuildFile; fileRef = 5244F8A21C46C90F00EAE2F4 /* music.mp3 */; };
		528466C31C44BC7C00AB978C /* AppDelegate.swift in Sources */ = {isa = PBXBuildFile; fileRef = 528466C21C44BC7C00AB978C /* AppDelegate.swift */; };
		528466C51C44BC7C00AB978C /* ViewController.swift in Sources */ = {isa = PBXBuildFile; fileRef = 528466C41C44BC7C00AB978C /* ViewController.swift */; };
		528466C81C44BC7C00AB978C /* Main.storyboard in Resources */ = {isa = PBXBuildFile; fileRef = 528466C61C44BC7C00AB978C /* Main.storyboard */; };
		528466CA1C44BC7C00AB978C /* Assets.xcassets in Resources */ = {isa = PBXBuildFile; fileRef = 528466C91C44BC7C00AB978C /* Assets.xcassets */; };
		528466CD1C44BC7C00AB978C /* LaunchScreen.storyboard in Resources */ = {isa = PBXBuildFile; fileRef = 528466CB1C44BC7C00AB978C /* LaunchScreen.storyboard */; };
		528466D51C44C61600AB978C /* pokemon.csv in Resources */ = {isa = PBXBuildFile; fileRef = 528466D41C44C61600AB978C /* pokemon.csv */; };
		528466DA1C44C83F00AB978C /* Pokemon.swift in Sources */ = {isa = PBXBuildFile; fileRef = 528466D91C44C83F00AB978C /* Pokemon.swift */; };
		528466DC1C4621D600AB978C /* PokemonCell.swift in Sources */ = {isa = PBXBuildFile; fileRef = 528466DB1C4621D600AB978C /* PokemonCell.swift */; };
/* End PBXBuildFile section */

/* Begin PBXFileReference section */
		5244F89C1C46A8B000EAE2F4 /* csv.swift */ = {isa = PBXFileReference; fileEncoding = 4; lastKnownFileType = sourcecode.swift; path = csv.swift; sourceTree = "<group>"; };
		5244F8A01C46B4D800EAE2F4 /* PokemonSolid.ttf */ = {isa = PBXFileReference; lastKnownFileType = file; path = PokemonSolid.ttf; sourceTree = "<group>"; };
		5244F8A21C46C90F00EAE2F4 /* music.mp3 */ = {isa = PBXFileReference; lastKnownFileType = audio.mp3; path = music.mp3; sourceTree = "<group>"; };
		528466BF1C44BC7C00AB978C /* pokedex-by-macserwicki.app */ = {isa = PBXFileReference; explicitFileType = wrapper.application; includeInIndex = 0; path = "pokedex-by-macserwicki.app"; sourceTree = BUILT_PRODUCTS_DIR; };
		528466C21C44BC7C00AB978C /* AppDelegate.swift */ = {isa = PBXFileReference; lastKnownFileType = sourcecode.swift; path = AppDelegate.swift; sourceTree = "<group>"; };
		528466C41C44BC7C00AB978C /* ViewController.swift */ = {isa = PBXFileReference; lastKnownFileType = sourcecode.swift; path = ViewController.swift; sourceTree = "<group>"; };
		528466C71C44BC7C00AB978C /* Base */ = {isa = PBXFileReference; lastKnownFileType = file.storyboard; name = Base; path = Base.lproj/Main.storyboard; sourceTree = "<group>"; };
		528466C91C44BC7C00AB978C /* Assets.xcassets */ = {isa = PBXFileReference; lastKnownFileType = folder.assetcatalog; path = Assets.xcassets; sourceTree = "<group>"; };
		528466CC1C44BC7C00AB978C /* Base */ = {isa = PBXFileReference; lastKnownFileType = file.storyboard; name = Base; path = Base.lproj/LaunchScreen.storyboard; sourceTree = "<group>"; };
		528466CE1C44BC7C00AB978C /* Info.plist */ = {isa = PBXFileReference; lastKnownFileType = text.plist.xml; path = Info.plist; sourceTree = "<group>"; };
		528466D41C44C61600AB978C /* pokemon.csv */ = {isa = PBXFileReference; fileEncoding = 4; lastKnownFileType = text; path = pokemon.csv; sourceTree = "<group>"; };
		528466D91C44C83F00AB978C /* Pokemon.swift */ = {isa = PBXFileReference; fileEncoding = 4; lastKnownFileType = sourcecode.swift; path = Pokemon.swift; sourceTree = "<group>"; };
		528466DB1C4621D600AB978C /* PokemonCell.swift */ = {isa = PBXFileReference; fileEncoding = 4; lastKnownFileType = sourcecode.swift; path = PokemonCell.swift; sourceTree = "<group>"; };
/* End PBXFileReference section */

/* Begin PBXFrameworksBuildPhase section */
		528466BC1C44BC7C00AB978C /* Frameworks */ = {
			isa = PBXFrameworksBuildPhase;
			buildActionMask = 2147483647;
			files = (
			);
			runOnlyForDeploymentPostprocessing = 0;
		};
/* End PBXFrameworksBuildPhase section */

/* Begin PBXGroup section */
		5244F89B1C46A89900EAE2F4 /* Utilities */ = {
			isa = PBXGroup;
			children = (
				5244F89C1C46A8B000EAE2F4 /* csv.swift */,
			);
			name = Utilities;
			sourceTree = "<group>";
		};
		5244F89E1C46A90B00EAE2F4 /* Resources */ = {
			isa = PBXGroup;
			children = (
				5244F8A01C46B4D800EAE2F4 /* PokemonSolid.ttf */,
				5244F8A21C46C90F00EAE2F4 /* music.mp3 */,
				528466D41C44C61600AB978C /* pokemon.csv */,
			);
			name = Resources;
			sourceTree = "<group>";
		};
		528466B61C44BC7C00AB978C = {
			isa = PBXGroup;
			children = (
				528466C11C44BC7C00AB978C /* pokedex-by-macserwicki */,
				528466C01C44BC7C00AB978C /* Products */,
			);
			sourceTree = "<group>";
		};
		528466C01C44BC7C00AB978C /* Products */ = {
			isa = PBXGroup;
			children = (
				528466BF1C44BC7C00AB978C /* pokedex-by-macserwicki.app */,
			);
			name = Products;
			sourceTree = "<group>";
		};
		528466C11C44BC7C00AB978C /* pokedex-by-macserwicki */ = {
			isa = PBXGroup;
			children = (
				528466D61C44C81800AB978C /* Model */,
				528466D71C44C82100AB978C /* View */,
				528466D81C44C82500AB978C /* Controller */,
				5244F89E1C46A90B00EAE2F4 /* Resources */,
				5244F89B1C46A89900EAE2F4 /* Utilities */,
				528466C21C44BC7C00AB978C /* AppDelegate.swift */,
				528466C61C44BC7C00AB978C /* Main.storyboard */,
				528466C91C44BC7C00AB978C /* Assets.xcassets */,
				528466CB1C44BC7C00AB978C /* LaunchScreen.storyboard */,
				528466CE1C44BC7C00AB978C /* Info.plist */,
			);
			path = "pokedex-by-macserwicki";
			sourceTree = "<group>";
		};
		528466D61C44C81800AB978C /* Model */ = {
			isa = PBXGroup;
			children = (
				528466D91C44C83F00AB978C /* Pokemon.swift */,
			);
			name = Model;
			sourceTree = "<group>";
		};
		528466D71C44C82100AB978C /* View */ = {
			isa = PBXGroup;
			children = (
				528466DB1C4621D600AB978C /* PokemonCell.swift */,
			);
			name = View;
			sourceTree = "<group>";
		};
		528466D81C44C82500AB978C /* Controller */ = {
			isa = PBXGroup;
			children = (
				528466C41C44BC7C00AB978C /* ViewController.swift */,
			);
			name = Controller;
			sourceTree = "<group>";
		};
/* End PBXGroup section */

/* Begin PBXNativeTarget section */
		528466BE1C44BC7C00AB978C /* pokedex-by-macserwicki */ = {
			isa = PBXNativeTarget;
			buildConfigurationList = 528466D11C44BC7C00AB978C /* Build configuration list for PBXNativeTarget "pokedex-by-macserwicki" */;
			buildPhases = (
				528466BB1C44BC7C00AB978C /* Sources */,
				528466BC1C44BC7C00AB978C /* Frameworks */,
				528466BD1C44BC7C00AB978C /* Resources */,
			);
			buildRules = (
			);
			dependencies = (
			);
			name = "pokedex-by-macserwicki";
			productName = "pokedex-by-macserwicki";
			productReference = 528466BF1C44BC7C00AB978C /* pokedex-by-macserwicki.app */;
			productType = "com.apple.product-type.application";
		};
/* End PBXNativeTarget section */

/* Begin PBXProject section */
		528466B71C44BC7C00AB978C /* Project object */ = {
			isa = PBXProject;
			attributes = {
				LastSwiftUpdateCheck = 0720;
				LastUpgradeCheck = 0720;
				ORGANIZATIONNAME = "Maciej Serwicki";
				TargetAttributes = {
					528466BE1C44BC7C00AB978C = {
						CreatedOnToolsVersion = 7.2;
						DevelopmentTeam = 4NG4T549DA;
					};
				};
			};
			buildConfigurationList = 528466BA1C44BC7C00AB978C /* Build configuration list for PBXProject "pokedex-by-macserwicki" */;
			compatibilityVersion = "Xcode 3.2";
			developmentRegion = English;
			hasScannedForEncodings = 0;
			knownRegions = (
				en,
				Base,
			);
			mainGroup = 528466B61C44BC7C00AB978C;
			productRefGroup = 528466C01C44BC7C00AB978C /* Products */;
			projectDirPath = "";
			projectRoot = "";
			targets = (
				528466BE1C44BC7C00AB978C /* pokedex-by-macserwicki */,
			);
		};
/* End PBXProject section */

/* Begin PBXResourcesBuildPhase section */
		528466BD1C44BC7C00AB978C /* Resources */ = {
			isa = PBXResourcesBuildPhase;
			buildActionMask = 2147483647;
			files = (
				528466CD1C44BC7C00AB978C /* LaunchScreen.storyboard in Resources */,
				528466CA1C44BC7C00AB978C /* Assets.xcassets in Resources */,
				5244F8A31C46C90F00EAE2F4 /* music.mp3 in Resources */,
				528466D51C44C61600AB978C /* pokemon.csv in Resources */,
				5244F8A11C46B4D800EAE2F4 /* PokemonSolid.ttf in Resources */,
				528466C81C44BC7C00AB978C /* Main.storyboard in Resources */,
			);
			runOnlyForDeploymentPostprocessing = 0;
		};
/* End PBXResourcesBuildPhase section */

/* Begin PBXSourcesBuildPhase section */
		528466BB1C44BC7C00AB978C /* Sources */ = {
			isa = PBXSourcesBuildPhase;
			buildActionMask = 2147483647;
			files = (
				528466C51C44BC7C00AB978C /* ViewController.swift in Sources */,
				528466DC1C4621D600AB978C /* PokemonCell.swift in Sources */,
				528466C31C44BC7C00AB978C /* AppDelegate.swift in Sources */,
				528466DA1C44C83F00AB978C /* Pokemon.swift in Sources */,
				5244F89D1C46A8B000EAE2F4 /* csv.swift in Sources */,
			);
			runOnlyForDeploymentPostprocessing = 0;
		};
/* End PBXSourcesBuildPhase section */

/* Begin PBXVariantGroup section */
		528466C61C44BC7C00AB978C /* Main.storyboard */ = {
			isa = PBXVariantGroup;
			children = (
				528466C71C44BC7C00AB978C /* Base */,
			);
			name = Main.storyboard;
			sourceTree = "<group>";
		};
		528466CB1C44BC7C00AB978C /* LaunchScreen.storyboard */ = {
			isa = PBXVariantGroup;
			children = (
				528466CC1C44BC7C00AB978C /* Base */,
			);
			name = LaunchScreen.storyboard;
			sourceTree = "<group>";
		};
/* End PBXVariantGroup section */

/* Begin XCBuildConfiguration section */
		528466CF1C44BC7C00AB978C /* Debug */ = {
			isa = XCBuildConfiguration;
			buildSettings = {
				ALWAYS_SEARCH_USER_PATHS = NO;
				CLANG_CXX_LANGUAGE_STANDARD = "gnu++0x";
				CLANG_CXX_LIBRARY = "libc++";
				CLANG_ENABLE_MODULES = YES;
				CLANG_ENABLE_OBJC_ARC = YES;
				CLANG_WARN_BOOL_CONVERSION = YES;
				CLANG_WARN_CONSTANT_CONVERSION = YES;
				CLANG_WARN_DIRECT_OBJC_ISA_USAGE = YES_ERROR;
				CLANG_WARN_EMPTY_BODY = YES;
				CLANG_WARN_ENUM_CONVERSION = YES;
				CLANG_WARN_INT_CONVERSION = YES;
				CLANG_WARN_OBJC_ROOT_CLASS = YES_ERROR;
				CLANG_WARN_UNREACHABLE_CODE = YES;
				CLANG_WARN__DUPLICATE_METHOD_MATCH = YES;
				"CODE_SIGN_IDENTITY[sdk=iphoneos*]" = "iPhone Developer";
				COPY_PHASE_STRIP = NO;
				DEBUG_INFORMATION_FORMAT = dwarf;
				ENABLE_STRICT_OBJC_MSGSEND = YES;
				ENABLE_TESTABILITY = YES;
				GCC_C_LANGUAGE_STANDARD = gnu99;
				GCC_DYNAMIC_NO_PIC = NO;
				GCC_NO_COMMON_BLOCKS = YES;
				GCC_OPTIMIZATION_LEVEL = 0;
				GCC_PREPROCESSOR_DEFINITIONS = (
					"DEBUG=1",
					"$(inherited)",
				);
				GCC_WARN_64_TO_32_BIT_CONVERSION = YES;
				GCC_WARN_ABOUT_RETURN_TYPE = YES_ERROR;
				GCC_WARN_UNDECLARED_SELECTOR = YES;
				GCC_WARN_UNINITIALIZED_AUTOS = YES_AGGRESSIVE;
				GCC_WARN_UNUSED_FUNCTION = YES;
				GCC_WARN_UNUSED_VARIABLE = YES;
				IPHONEOS_DEPLOYMENT_TARGET = 9.2;
				MTL_ENABLE_DEBUG_INFO = YES;
				ONLY_ACTIVE_ARCH = YES;
				SDKROOT = iphoneos;
				SWIFT_OPTIMIZATION_LEVEL = "-Onone";
			};
			name = Debug;
		};
		528466D01C44BC7C00AB978C /* Release */ = {
			isa = XCBuildConfiguration;
			buildSettings = {
				ALWAYS_SEARCH_USER_PATHS = NO;
				CLANG_CXX_LANGUAGE_STANDARD = "gnu++0x";
				CLANG_CXX_LIBRARY = "libc++";
				CLANG_ENABLE_MODULES = YES;
				CLANG_ENABLE_OBJC_ARC = YES;
				CLANG_WARN_BOOL_CONVERSION = YES;
				CLANG_WARN_CONSTANT_CONVERSION = YES;
				CLANG_WARN_DIRECT_OBJC_ISA_USAGE = YES_ERROR;
				CLANG_WARN_EMPTY_BODY = YES;
				CLANG_WARN_ENUM_CONVERSION = YES;
				CLANG_WARN_INT_CONVERSION = YES;
				CLANG_WARN_OBJC_ROOT_CLASS = YES_ERROR;
				CLANG_WARN_UNREACHABLE_CODE = YES;
				CLANG_WARN__DUPLICATE_METHOD_MATCH = YES;
				"CODE_SIGN_IDENTITY[sdk=iphoneos*]" = "iPhone Developer";
				COPY_PHASE_STRIP = NO;
				DEBUG_INFORMATION_FORMAT = "dwarf-with-dsym";
				ENABLE_NS_ASSERTIONS = NO;
				ENABLE_STRICT_OBJC_MSGSEND = YES;
				GCC_C_LANGUAGE_STANDARD = gnu99;
				GCC_NO_COMMON_BLOCKS = YES;
				GCC_WARN_64_TO_32_BIT_CONVERSION = YES;
				GCC_WARN_ABOUT_RETURN_TYPE = YES_ERROR;
				GCC_WARN_UNDECLARED_SELECTOR = YES;
				GCC_WARN_UNINITIALIZED_AUTOS = YES_AGGRESSIVE;
				GCC_WARN_UNUSED_FUNCTION = YES;
				GCC_WARN_UNUSED_VARIABLE = YES;
				IPHONEOS_DEPLOYMENT_TARGET = 9.2;
				MTL_ENABLE_DEBUG_INFO = NO;
				SDKROOT = iphoneos;
				VALIDATE_PRODUCT = YES;
			};
			name = Release;
		};
		528466D21C44BC7C00AB978C /* Debug */ = {
			isa = XCBuildConfiguration;
			buildSettings = {
				ASSETCATALOG_COMPILER_APPICON_NAME = AppIcon;
				CODE_SIGN_IDENTITY = "iPhone Developer";
				"CODE_SIGN_IDENTITY[sdk=iphoneos*]" = "iPhone Developer";
				INFOPLIST_FILE = "pokedex-by-macserwicki/Info.plist";
				LD_RUNPATH_SEARCH_PATHS = "$(inherited) @executable_path/Frameworks";
				PRODUCT_BUNDLE_IDENTIFIER = "com.goviapps.pokedex-by-macserwicki";
				PRODUCT_NAME = "$(TARGET_NAME)";
				PROVISIONING_PROFILE = "";
				TARGETED_DEVICE_FAMILY = "1,2";
			};
			name = Debug;
		};
		528466D31C44BC7C00AB978C /* Release */ = {
			isa = XCBuildConfiguration;
			buildSettings = {
				ASSETCATALOG_COMPILER_APPICON_NAME = AppIcon;
				CODE_SIGN_IDENTITY = "iPhone Developer";
				"CODE_SIGN_IDENTITY[sdk=iphoneos*]" = "iPhone Developer";
				INFOPLIST_FILE = "pokedex-by-macserwicki/Info.plist";
				LD_RUNPATH_SEARCH_PATHS = "$(inherited) @executable_path/Frameworks";
				PRODUCT_BUNDLE_IDENTIFIER = "com.goviapps.pokedex-by-macserwicki";
				PRODUCT_NAME = "$(TARGET_NAME)";
				PROVISIONING_PROFILE = "";
				TARGETED_DEVICE_FAMILY = "1,2";
			};
			name = Release;
		};
/* End XCBuildConfiguration section */

/* Begin XCConfigurationList section */
		528466BA1C44BC7C00AB978C /* Build configuration list for PBXProject "pokedex-by-macserwicki" */ = {
			isa = XCConfigurationList;
			buildConfigurations = (
				528466CF1C44BC7C00AB978C /* Debug */,
				528466D01C44BC7C00AB978C /* Release */,
			);
			defaultConfigurationIsVisible = 0;
			defaultConfigurationName = Release;
		};
		528466D11C44BC7C00AB978C /* Build configuration list for PBXNativeTarget "pokedex-by-macserwicki" */ = {
			isa = XCConfigurationList;
			buildConfigurations = (
				528466D21C44BC7C00AB978C /* Debug */,
				528466D31C44BC7C00AB978C /* Release */,
			);
			defaultConfigurationIsVisible = 0;
			defaultConfigurationName = Release;
		};
/* End XCConfigurationList section */
	};
	rootObject = 528466B71C44BC7C00AB978C /* Project object */;
}
